
Microsoft Visual Studio Solution File, Format Version 12.00
# Visual Studio Version 16
VisualStudioVersion = 16.0.30907.101
MinimumVisualStudioVersion = 10.0.40219.1
Project("{FAE04EC0-301F-11D3-BF4B-00C04F79EFBC}") = "CAT_Snake", "CAT_Snake\CAT_Snake.csproj", "{86A33558-CEF8-4385-B0F8-70A7134380B6}"
EndProject
Global
	GlobalSection(SolutionConfigurationPlatforms) = preSolution
		Debug|Any CPU = Debug|Any CPU
		Release|Any CPU = Release|Any CPU
	EndGlobalSection
	GlobalSection(ProjectConfigurationPlatforms) = postSolution
		{86A33558-CEF8-4385-B0F8-70A7134380B6}.Debug|Any CPU.ActiveCfg = Debug|Any CPU
		{86A33558-CEF8-4385-B0F8-70A7134380B6}.Debug|Any CPU.Build.0 = Debug|Any CPU
		{86A33558-CEF8-4385-B0F8-70A7134380B6}.Release|Any CPU.ActiveCfg = Release|Any CPU
		{86A33558-CEF8-4385-B0F8-70A7134380B6}.Release|Any CPU.Build.0 = Release|Any CPU
	EndGlobalSection
	GlobalSection(SolutionProperties) = preSolution
		HideSolutionNode = FALSE
	EndGlobalSection
	GlobalSection(ExtensibilityGlobals) = postSolution
		SolutionGuid = {47540E0B-3EBD-4C7B-BC91-CD50374FF8F2}
	EndGlobalSection
EndGlobal
